
Microsoft Visual Studio Solution File, Format Version 12.00
# Visual Studio Version 17
VisualStudioVersion = 17.9.34616.47
MinimumVisualStudioVersion = 10.0.40219.1
Project("{9A19103F-16F7-4668-BE54-9A1E7A4F7556}") = "ScaleControl", "ScaleControl.csproj", "{14B16508-6506-41D5-9BD7-AF583F07BE04}"
EndProject
Global
	GlobalSection(SolutionConfigurationPlatforms) = preSolution
		Debug|Any CPU = Debug|Any CPU
		Release|Any CPU = Release|Any CPU
	EndGlobalSection
	GlobalSection(ProjectConfigurationPlatforms) = postSolution
		{14B16508-6506-41D5-9BD7-AF583F07BE04}.Debug|Any CPU.ActiveCfg = Debug|Any CPU
		{14B16508-6506-41D5-9BD7-AF583F07BE04}.Debug|Any CPU.Build.0 = Debug|Any CPU
		{14B16508-6506-41D5-9BD7-AF583F07BE04}.Release|Any CPU.ActiveCfg = Release|Any CPU
		{14B16508-6506-41D5-9BD7-AF583F07BE04}.Release|Any CPU.Build.0 = Release|Any CPU
	EndGlobalSection
	GlobalSection(SolutionProperties) = preSolution
		HideSolutionNode = FALSE
	EndGlobalSection
	GlobalSection(ExtensibilityGlobals) = postSolution
		SolutionGuid = {E21F5975-3080-4A23-B44E-CB5A8DD43014}
	EndGlobalSection
EndGlobal
